// !$*UTF8*$!
{
	archiveVersion = 1;
	classes = {
	};
	objectVersion = 56;
	objects = {

/* Begin PBXBuildFile section */
		845FDA562AD707FE00B4D2A2 /* AppDelegate.swift in Sources */ = {isa = PBXBuildFile; fileRef = 845FDA552AD707FE00B4D2A2 /* AppDelegate.swift */; };
		845FDA582AD707FE00B4D2A2 /* SceneDelegate.swift in Sources */ = {isa = PBXBuildFile; fileRef = 845FDA572AD707FE00B4D2A2 /* SceneDelegate.swift */; };
		845FDA5D2AD707FE00B4D2A2 /* Main.storyboard in Resources */ = {isa = PBXBuildFile; fileRef = 845FDA5B2AD707FE00B4D2A2 /* Main.storyboard */; };
		845FDA5F2AD707FF00B4D2A2 /* Assets.xcassets in Resources */ = {isa = PBXBuildFile; fileRef = 845FDA5E2AD707FF00B4D2A2 /* Assets.xcassets */; };
		845FDA622AD707FF00B4D2A2 /* LaunchScreen.storyboard in Resources */ = {isa = PBXBuildFile; fileRef = 845FDA602AD707FF00B4D2A2 /* LaunchScreen.storyboard */; };
		845FDA6B2AD7086400B4D2A2 /* Utilities.swift in Sources */ = {isa = PBXBuildFile; fileRef = 845FDA6A2AD7086400B4D2A2 /* Utilities.swift */; };
		845FDA6D2AD70F1800B4D2A2 /* ImageGalleryViewController.swift in Sources */ = {isa = PBXBuildFile; fileRef = 845FDA6C2AD70F1800B4D2A2 /* ImageGalleryViewController.swift */; };
		845FDA722AD715A500B4D2A2 /* ImageGallery.swift in Sources */ = {isa = PBXBuildFile; fileRef = 845FDA712AD715A500B4D2A2 /* ImageGallery.swift */; };
		845FDA742AD72FDF00B4D2A2 /* ImageCollectionViewCell.swift in Sources */ = {isa = PBXBuildFile; fileRef = 845FDA732AD72FDF00B4D2A2 /* ImageCollectionViewCell.swift */; };
		845FDA762AD9AED100B4D2A2 /* Image.swift in Sources */ = {isa = PBXBuildFile; fileRef = 845FDA752AD9AED100B4D2A2 /* Image.swift */; };
		84E5400C2ADECBB6005D4B7F /* GallerySelectorTableViewController.swift in Sources */ = {isa = PBXBuildFile; fileRef = 84E5400B2ADECBB6005D4B7F /* GallerySelectorTableViewController.swift */; };
		84E540102ADECDFD005D4B7F /* GalleryList.swift in Sources */ = {isa = PBXBuildFile; fileRef = 84E5400F2ADECDFD005D4B7F /* GalleryList.swift */; };
		84E540122AE04E48005D4B7F /* ImageGalleryTableViewCell.swift in Sources */ = {isa = PBXBuildFile; fileRef = 84E540112AE04E48005D4B7F /* ImageGalleryTableViewCell.swift */; };
		84E540142AE0A9B2005D4B7F /* ImageViewController.swift in Sources */ = {isa = PBXBuildFile; fileRef = 84E540132AE0A9B2005D4B7F /* ImageViewController.swift */; };
/* End PBXBuildFile section */

/* Begin PBXFileReference section */
		845FDA522AD707FE00B4D2A2 /* ImageGallery.app */ = {isa = PBXFileReference; explicitFileType = wrapper.application; includeInIndex = 0; path = ImageGallery.app; sourceTree = BUILT_PRODUCTS_DIR; };
		845FDA552AD707FE00B4D2A2 /* AppDelegate.swift */ = {isa = PBXFileReference; lastKnownFileType = sourcecode.swift; path = AppDelegate.swift; sourceTree = "<group>"; };
		845FDA572AD707FE00B4D2A2 /* SceneDelegate.swift */ = {isa = PBXFileReference; lastKnownFileType = sourcecode.swift; path = SceneDelegate.swift; sourceTree = "<group>"; };
		845FDA5C2AD707FE00B4D2A2 /* Base */ = {isa = PBXFileReference; lastKnownFileType = file.storyboard; name = Base; path = Base.lproj/Main.storyboard; sourceTree = "<group>"; };
		845FDA5E2AD707FF00B4D2A2 /* Assets.xcassets */ = {isa = PBXFileReference; lastKnownFileType = folder.assetcatalog; path = Assets.xcassets; sourceTree = "<group>"; };
		845FDA612AD707FF00B4D2A2 /* Base */ = {isa = PBXFileReference; lastKnownFileType = file.storyboard; name = Base; path = Base.lproj/LaunchScreen.storyboard; sourceTree = "<group>"; };
		845FDA632AD707FF00B4D2A2 /* Info.plist */ = {isa = PBXFileReference; lastKnownFileType = text.plist.xml; path = Info.plist; sourceTree = "<group>"; };
		845FDA6A2AD7086400B4D2A2 /* Utilities.swift */ = {isa = PBXFileReference; fileEncoding = 4; lastKnownFileType = sourcecode.swift; name = Utilities.swift; path = ../../../../../../../../Downloads/Utilities.swift; sourceTree = "<group>"; };
		845FDA6C2AD70F1800B4D2A2 /* ImageGalleryViewController.swift */ = {isa = PBXFileReference; lastKnownFileType = sourcecode.swift; path = ImageGalleryViewController.swift; sourceTree = "<group>"; };
		845FDA712AD715A500B4D2A2 /* ImageGallery.swift */ = {isa = PBXFileReference; lastKnownFileType = sourcecode.swift; path = ImageGallery.swift; sourceTree = "<group>"; };
		845FDA732AD72FDF00B4D2A2 /* ImageCollectionViewCell.swift */ = {isa = PBXFileReference; lastKnownFileType = sourcecode.swift; path = ImageCollectionViewCell.swift; sourceTree = "<group>"; };
		845FDA752AD9AED100B4D2A2 /* Image.swift */ = {isa = PBXFileReference; lastKnownFileType = sourcecode.swift; path = Image.swift; sourceTree = "<group>"; };
		84E5400B2ADECBB6005D4B7F /* GallerySelectorTableViewController.swift */ = {isa = PBXFileReference; lastKnownFileType = sourcecode.swift; path = GallerySelectorTableViewController.swift; sourceTree = "<group>"; };
		84E5400F2ADECDFD005D4B7F /* GalleryList.swift */ = {isa = PBXFileReference; lastKnownFileType = sourcecode.swift; path = GalleryList.swift; sourceTree = "<group>"; };
		84E540112AE04E48005D4B7F /* ImageGalleryTableViewCell.swift */ = {isa = PBXFileReference; lastKnownFileType = sourcecode.swift; path = ImageGalleryTableViewCell.swift; sourceTree = "<group>"; };
		84E540132AE0A9B2005D4B7F /* ImageViewController.swift */ = {isa = PBXFileReference; lastKnownFileType = sourcecode.swift; path = ImageViewController.swift; sourceTree = "<group>"; };
/* End PBXFileReference section */

/* Begin PBXFrameworksBuildPhase section */
		845FDA4F2AD707FE00B4D2A2 /* Frameworks */ = {
			isa = PBXFrameworksBuildPhase;
			buildActionMask = 2147483647;
			files = (
			);
			runOnlyForDeploymentPostprocessing = 0;
		};
/* End PBXFrameworksBuildPhase section */

/* Begin PBXGroup section */
		845FDA492AD707FE00B4D2A2 = {
			isa = PBXGroup;
			children = (
				845FDA542AD707FE00B4D2A2 /* ImageGallery */,
				845FDA532AD707FE00B4D2A2 /* Products */,
			);
			sourceTree = "<group>";
		};
		845FDA532AD707FE00B4D2A2 /* Products */ = {
			isa = PBXGroup;
			children = (
				845FDA522AD707FE00B4D2A2 /* ImageGallery.app */,
			);
			name = Products;
			sourceTree = "<group>";
		};
		845FDA542AD707FE00B4D2A2 /* ImageGallery */ = {
			isa = PBXGroup;
			children = (
				845FDA6E2AD714FF00B4D2A2 /* Models */,
				84E5400E2ADECDA0005D4B7F /* Views */,
				84E5400D2ADECD96005D4B7F /* Controllers */,
				845FDA692AD7082B00B4D2A2 /* Supporting Files */,
				845FDA6A2AD7086400B4D2A2 /* Utilities.swift */,
				845FDA632AD707FF00B4D2A2 /* Info.plist */,
			);
			path = ImageGallery;
			sourceTree = "<group>";
		};
		845FDA692AD7082B00B4D2A2 /* Supporting Files */ = {
			isa = PBXGroup;
			children = (
				845FDA552AD707FE00B4D2A2 /* AppDelegate.swift */,
				845FDA572AD707FE00B4D2A2 /* SceneDelegate.swift */,
				845FDA5E2AD707FF00B4D2A2 /* Assets.xcassets */,
				845FDA602AD707FF00B4D2A2 /* LaunchScreen.storyboard */,
			);
			path = "Supporting Files";
			sourceTree = "<group>";
		};
		845FDA6E2AD714FF00B4D2A2 /* Models */ = {
			isa = PBXGroup;
			children = (
				845FDA712AD715A500B4D2A2 /* ImageGallery.swift */,
				845FDA752AD9AED100B4D2A2 /* Image.swift */,
				84E5400F2ADECDFD005D4B7F /* GalleryList.swift */,
			);
			path = Models;
			sourceTree = "<group>";
		};
		84E5400D2ADECD96005D4B7F /* Controllers */ = {
			isa = PBXGroup;
			children = (
				84E5400B2ADECBB6005D4B7F /* GallerySelectorTableViewController.swift */,
				845FDA6C2AD70F1800B4D2A2 /* ImageGalleryViewController.swift */,
				84E540132AE0A9B2005D4B7F /* ImageViewController.swift */,
			);
			path = Controllers;
			sourceTree = "<group>";
		};
		84E5400E2ADECDA0005D4B7F /* Views */ = {
			isa = PBXGroup;
			children = (
				845FDA5B2AD707FE00B4D2A2 /* Main.storyboard */,
				845FDA732AD72FDF00B4D2A2 /* ImageCollectionViewCell.swift */,
				84E540112AE04E48005D4B7F /* ImageGalleryTableViewCell.swift */,
			);
			path = Views;
			sourceTree = "<group>";
		};
/* End PBXGroup section */

/* Begin PBXNativeTarget section */
		845FDA512AD707FE00B4D2A2 /* ImageGallery */ = {
			isa = PBXNativeTarget;
			buildConfigurationList = 845FDA662AD707FF00B4D2A2 /* Build configuration list for PBXNativeTarget "ImageGallery" */;
			buildPhases = (
				845FDA4E2AD707FE00B4D2A2 /* Sources */,
				845FDA4F2AD707FE00B4D2A2 /* Frameworks */,
				845FDA502AD707FE00B4D2A2 /* Resources */,
			);
			buildRules = (
			);
			dependencies = (
			);
			name = ImageGallery;
			productName = ImageGallery;
			productReference = 845FDA522AD707FE00B4D2A2 /* ImageGallery.app */;
			productType = "com.apple.product-type.application";
		};
/* End PBXNativeTarget section */

/* Begin PBXProject section */
		845FDA4A2AD707FE00B4D2A2 /* Project object */ = {
			isa = PBXProject;
			attributes = {
				BuildIndependentTargetsInParallel = 1;
				LastSwiftUpdateCheck = 1500;
				LastUpgradeCheck = 1500;
				TargetAttributes = {
					845FDA512AD707FE00B4D2A2 = {
						CreatedOnToolsVersion = 15.0;
					};
				};
			};
			buildConfigurationList = 845FDA4D2AD707FE00B4D2A2 /* Build configuration list for PBXProject "ImageGallery" */;
			compatibilityVersion = "Xcode 14.0";
			developmentRegion = en;
			hasScannedForEncodings = 0;
			knownRegions = (
				en,
				Base,
			);
			mainGroup = 845FDA492AD707FE00B4D2A2;
			productRefGroup = 845FDA532AD707FE00B4D2A2 /* Products */;
			projectDirPath = "";
			projectRoot = "";
			targets = (
				845FDA512AD707FE00B4D2A2 /* ImageGallery */,
			);
		};
/* End PBXProject section */

/* Begin PBXResourcesBuildPhase section */
		845FDA502AD707FE00B4D2A2 /* Resources */ = {
			isa = PBXResourcesBuildPhase;
			buildActionMask = 2147483647;
			files = (
				845FDA622AD707FF00B4D2A2 /* LaunchScreen.storyboard in Resources */,
				845FDA5F2AD707FF00B4D2A2 /* Assets.xcassets in Resources */,
				845FDA5D2AD707FE00B4D2A2 /* Main.storyboard in Resources */,
			);
			runOnlyForDeploymentPostprocessing = 0;
		};
/* End PBXResourcesBuildPhase section */

/* Begin PBXSourcesBuildPhase section */
		845FDA4E2AD707FE00B4D2A2 /* Sources */ = {
			isa = PBXSourcesBuildPhase;
			buildActionMask = 2147483647;
			files = (
				84E540122AE04E48005D4B7F /* ImageGalleryTableViewCell.swift in Sources */,
				84E540102ADECDFD005D4B7F /* GalleryList.swift in Sources */,
				845FDA742AD72FDF00B4D2A2 /* ImageCollectionViewCell.swift in Sources */,
				845FDA562AD707FE00B4D2A2 /* AppDelegate.swift in Sources */,
				845FDA722AD715A500B4D2A2 /* ImageGallery.swift in Sources */,
				84E5400C2ADECBB6005D4B7F /* GallerySelectorTableViewController.swift in Sources */,
				845FDA6B2AD7086400B4D2A2 /* Utilities.swift in Sources */,
				845FDA6D2AD70F1800B4D2A2 /* ImageGalleryViewController.swift in Sources */,
				845FDA582AD707FE00B4D2A2 /* SceneDelegate.swift in Sources */,
				84E540142AE0A9B2005D4B7F /* ImageViewController.swift in Sources */,
				845FDA762AD9AED100B4D2A2 /* Image.swift in Sources */,
			);
			runOnlyForDeploymentPostprocessing = 0;
		};
/* End PBXSourcesBuildPhase section */

/* Begin PBXVariantGroup section */
		845FDA5B2AD707FE00B4D2A2 /* Main.storyboard */ = {
			isa = PBXVariantGroup;
			children = (
				845FDA5C2AD707FE00B4D2A2 /* Base */,
			);
			name = Main.storyboard;
			sourceTree = "<group>";
		};
		845FDA602AD707FF00B4D2A2 /* LaunchScreen.storyboard */ = {
			isa = PBXVariantGroup;
			children = (
				845FDA612AD707FF00B4D2A2 /* Base */,
			);
			name = LaunchScreen.storyboard;
			sourceTree = "<group>";
		};
/* End PBXVariantGroup section */

/* Begin XCBuildConfiguration section */
		845FDA642AD707FF00B4D2A2 /* Debug */ = {
			isa = XCBuildConfiguration;
			buildSettings = {
				ALWAYS_SEARCH_USER_PATHS = NO;
				ASSETCATALOG_COMPILER_GENERATE_SWIFT_ASSET_SYMBOL_EXTENSIONS = YES;
				CLANG_ANALYZER_NONNULL = YES;
				CLANG_ANALYZER_NUMBER_OBJECT_CONVERSION = YES_AGGRESSIVE;
				CLANG_CXX_LANGUAGE_STANDARD = "gnu++20";
				CLANG_ENABLE_MODULES = YES;
				CLANG_ENABLE_OBJC_ARC = YES;
				CLANG_ENABLE_OBJC_WEAK = YES;
				CLANG_WARN_BLOCK_CAPTURE_AUTORELEASING = YES;
				CLANG_WARN_BOOL_CONVERSION = YES;
				CLANG_WARN_COMMA = YES;
				CLANG_WARN_CONSTANT_CONVERSION = YES;
				CLANG_WARN_DEPRECATED_OBJC_IMPLEMENTATIONS = YES;
				CLANG_WARN_DIRECT_OBJC_ISA_USAGE = YES_ERROR;
				CLANG_WARN_DOCUMENTATION_COMMENTS = YES;
				CLANG_WARN_EMPTY_BODY = YES;
				CLANG_WARN_ENUM_CONVERSION = YES;
				CLANG_WARN_INFINITE_RECURSION = YES;
				CLANG_WARN_INT_CONVERSION = YES;
				CLANG_WARN_NON_LITERAL_NULL_CONVERSION = YES;
				CLANG_WARN_OBJC_IMPLICIT_RETAIN_SELF = YES;
				CLANG_WARN_OBJC_LITERAL_CONVERSION = YES;
				CLANG_WARN_OBJC_ROOT_CLASS = YES_ERROR;
				CLANG_WARN_QUOTED_INCLUDE_IN_FRAMEWORK_HEADER = YES;
				CLANG_WARN_RANGE_LOOP_ANALYSIS = YES;
				CLANG_WARN_STRICT_PROTOTYPES = YES;
				CLANG_WARN_SUSPICIOUS_MOVE = YES;
				CLANG_WARN_UNGUARDED_AVAILABILITY = YES_AGGRESSIVE;
				CLANG_WARN_UNREACHABLE_CODE = YES;
				CLANG_WARN__DUPLICATE_METHOD_MATCH = YES;
				COPY_PHASE_STRIP = NO;
				DEBUG_INFORMATION_FORMAT = dwarf;
				ENABLE_STRICT_OBJC_MSGSEND = YES;
				ENABLE_TESTABILITY = YES;
				ENABLE_USER_SCRIPT_SANDBOXING = YES;
				GCC_C_LANGUAGE_STANDARD = gnu17;
				GCC_DYNAMIC_NO_PIC = NO;
				GCC_NO_COMMON_BLOCKS = YES;
				GCC_OPTIMIZATION_LEVEL = 0;
				GCC_PREPROCESSOR_DEFINITIONS = (
					"DEBUG=1",
					"$(inherited)",
				);
				GCC_WARN_64_TO_32_BIT_CONVERSION = YES;
				GCC_WARN_ABOUT_RETURN_TYPE = YES_ERROR;
				GCC_WARN_UNDECLARED_SELECTOR = YES;
				GCC_WARN_UNINITIALIZED_AUTOS = YES_AGGRESSIVE;
				GCC_WARN_UNUSED_FUNCTION = YES;
				GCC_WARN_UNUSED_VARIABLE = YES;
				IPHONEOS_DEPLOYMENT_TARGET = 17.0;
				LOCALIZATION_PREFERS_STRING_CATALOGS = YES;
				MTL_ENABLE_DEBUG_INFO = INCLUDE_SOURCE;
				MTL_FAST_MATH = YES;
				ONLY_ACTIVE_ARCH = YES;
				SDKROOT = iphoneos;
				SWIFT_ACTIVE_COMPILATION_CONDITIONS = "DEBUG $(inherited)";
				SWIFT_OPTIMIZATION_LEVEL = "-Onone";
			};
			name = Debug;
		};
		845FDA652AD707FF00B4D2A2 /* Release */ = {
			isa = XCBuildConfiguration;
			buildSettings = {
				ALWAYS_SEARCH_USER_PATHS = NO;
				ASSETCATALOG_COMPILER_GENERATE_SWIFT_ASSET_SYMBOL_EXTENSIONS = YES;
				CLANG_ANALYZER_NONNULL = YES;
				CLANG_ANALYZER_NUMBER_OBJECT_CONVERSION = YES_AGGRESSIVE;
				CLANG_CXX_LANGUAGE_STANDARD = "gnu++20";
				CLANG_ENABLE_MODULES = YES;
				CLANG_ENABLE_OBJC_ARC = YES;
				CLANG_ENABLE_OBJC_WEAK = YES;
				CLANG_WARN_BLOCK_CAPTURE_AUTORELEASING = YES;
				CLANG_WARN_BOOL_CONVERSION = YES;
				CLANG_WARN_COMMA = YES;
				CLANG_WARN_CONSTANT_CONVERSION = YES;
				CLANG_WARN_DEPRECATED_OBJC_IMPLEMENTATIONS = YES;
				CLANG_WARN_DIRECT_OBJC_ISA_USAGE = YES_ERROR;
				CLANG_WARN_DOCUMENTATION_COMMENTS = YES;
				CLANG_WARN_EMPTY_BODY = YES;
				CLANG_WARN_ENUM_CONVERSION = YES;
				CLANG_WARN_INFINITE_RECURSION = YES;
				CLANG_WARN_INT_CONVERSION = YES;
				CLANG_WARN_NON_LITERAL_NULL_CONVERSION = YES;
				CLANG_WARN_OBJC_IMPLICIT_RETAIN_SELF = YES;
				CLANG_WARN_OBJC_LITERAL_CONVERSION = YES;
				CLANG_WARN_OBJC_ROOT_CLASS = YES_ERROR;
				CLANG_WARN_QUOTED_INCLUDE_IN_FRAMEWORK_HEADER = YES;
				CLANG_WARN_RANGE_LOOP_ANALYSIS = YES;
				CLANG_WARN_STRICT_PROTOTYPES = YES;
				CLANG_WARN_SUSPICIOUS_MOVE = YES;
				CLANG_WARN_UNGUARDED_AVAILABILITY = YES_AGGRESSIVE;
				CLANG_WARN_UNREACHABLE_CODE = YES;
				CLANG_WARN__DUPLICATE_METHOD_MATCH = YES;
				COPY_PHASE_STRIP = NO;
				DEBUG_INFORMATION_FORMAT = "dwarf-with-dsym";
				ENABLE_NS_ASSERTIONS = NO;
				ENABLE_STRICT_OBJC_MSGSEND = YES;
				ENABLE_USER_SCRIPT_SANDBOXING = YES;
				GCC_C_LANGUAGE_STANDARD = gnu17;
				GCC_NO_COMMON_BLOCKS = YES;
				GCC_WARN_64_TO_32_BIT_CONVERSION = YES;
				GCC_WARN_ABOUT_RETURN_TYPE = YES_ERROR;
				GCC_WARN_UNDECLARED_SELECTOR = YES;
				GCC_WARN_UNINITIALIZED_AUTOS = YES_AGGRESSIVE;
				GCC_WARN_UNUSED_FUNCTION = YES;
				GCC_WARN_UNUSED_VARIABLE = YES;
				IPHONEOS_DEPLOYMENT_TARGET = 17.0;
				LOCALIZATION_PREFERS_STRING_CATALOGS = YES;
				MTL_ENABLE_DEBUG_INFO = NO;
				MTL_FAST_MATH = YES;
				SDKROOT = iphoneos;
				SWIFT_COMPILATION_MODE = wholemodule;
				VALIDATE_PRODUCT = YES;
			};
			name = Release;
		};
		845FDA672AD707FF00B4D2A2 /* Debug */ = {
			isa = XCBuildConfiguration;
			buildSettings = {
				ASSETCATALOG_COMPILER_APPICON_NAME = AppIcon;
				ASSETCATALOG_COMPILER_GLOBAL_ACCENT_COLOR_NAME = AccentColor;
				CODE_SIGN_STYLE = Automatic;
				CURRENT_PROJECT_VERSION = 1;
				DEVELOPMENT_TEAM = B8JM9B93DS;
				GENERATE_INFOPLIST_FILE = YES;
				INFOPLIST_FILE = ImageGallery/Info.plist;
				INFOPLIST_KEY_UIApplicationSupportsIndirectInputEvents = YES;
				INFOPLIST_KEY_UILaunchStoryboardName = LaunchScreen;
				INFOPLIST_KEY_UIMainStoryboardFile = Main;
				INFOPLIST_KEY_UISupportedInterfaceOrientations_iPad = "UIInterfaceOrientationPortrait UIInterfaceOrientationPortraitUpsideDown UIInterfaceOrientationLandscapeLeft UIInterfaceOrientationLandscapeRight";
				INFOPLIST_KEY_UISupportedInterfaceOrientations_iPhone = "UIInterfaceOrientationPortrait UIInterfaceOrientationLandscapeLeft UIInterfaceOrientationLandscapeRight";
				LD_RUNPATH_SEARCH_PATHS = (
					"$(inherited)",
					"@executable_path/Frameworks",
				);
				MARKETING_VERSION = 1.0;
				PRODUCT_BUNDLE_IDENTIFIER = com.evrisevr.ImageGallery;
				PRODUCT_NAME = "$(TARGET_NAME)";
				SWIFT_EMIT_LOC_STRINGS = YES;
				SWIFT_VERSION = 5.0;
				TARGETED_DEVICE_FAMILY = "1,2";
			};
			name = Debug;
		};
		845FDA682AD707FF00B4D2A2 /* Release */ = {
			isa = XCBuildConfiguration;
			buildSettings = {
				ASSETCATALOG_COMPILER_APPICON_NAME = AppIcon;
				ASSETCATALOG_COMPILER_GLOBAL_ACCENT_COLOR_NAME = AccentColor;
				CODE_SIGN_STYLE = Automatic;
				CURRENT_PROJECT_VERSION = 1;
				DEVELOPMENT_TEAM = B8JM9B93DS;
				GENERATE_INFOPLIST_FILE = YES;
				INFOPLIST_FILE = ImageGallery/Info.plist;
				INFOPLIST_KEY_UIApplicationSupportsIndirectInputEvents = YES;
				INFOPLIST_KEY_UILaunchStoryboardName = LaunchScreen;
				INFOPLIST_KEY_UIMainStoryboardFile = Main;
				INFOPLIST_KEY_UISupportedInterfaceOrientations_iPad = "UIInterfaceOrientationPortrait UIInterfaceOrientationPortraitUpsideDown UIInterfaceOrientationLandscapeLeft UIInterfaceOrientationLandscapeRight";
				INFOPLIST_KEY_UISupportedInterfaceOrientations_iPhone = "UIInterfaceOrientationPortrait UIInterfaceOrientationLandscapeLeft UIInterfaceOrientationLandscapeRight";
				LD_RUNPATH_SEARCH_PATHS = (
					"$(inherited)",
					"@executable_path/Frameworks",
				);
				MARKETING_VERSION = 1.0;
				PRODUCT_BUNDLE_IDENTIFIER = com.evrisevr.ImageGallery;
				PRODUCT_NAME = "$(TARGET_NAME)";
				SWIFT_EMIT_LOC_STRINGS = YES;
				SWIFT_VERSION = 5.0;
				TARGETED_DEVICE_FAMILY = "1,2";
			};
			name = Release;
		};
/* End XCBuildConfiguration section */

/* Begin XCConfigurationList section */
		845FDA4D2AD707FE00B4D2A2 /* Build configuration list for PBXProject "ImageGallery" */ = {
			isa = XCConfigurationList;
			buildConfigurations = (
				845FDA642AD707FF00B4D2A2 /* Debug */,
				845FDA652AD707FF00B4D2A2 /* Release */,
			);
			defaultConfigurationIsVisible = 0;
			defaultConfigurationName = Release;
		};
		845FDA662AD707FF00B4D2A2 /* Build configuration list for PBXNativeTarget "ImageGallery" */ = {
			isa = XCConfigurationList;
			buildConfigurations = (
				845FDA672AD707FF00B4D2A2 /* Debug */,
				845FDA682AD707FF00B4D2A2 /* Release */,
			);
			defaultConfigurationIsVisible = 0;
			defaultConfigurationName = Release;
		};
/* End XCConfigurationList section */
	};
	rootObject = 845FDA4A2AD707FE00B4D2A2 /* Project object */;
}
